// !$*UTF8*$!
{
	archiveVersion = 1;
	classes = {
	};
	objectVersion = 46;
	objects = {

/* Begin PBXBuildFile section */
		504CB7BE1A63D90100F650C9 /* AppDelegate.swift in Sources */ = {isa = PBXBuildFile; fileRef = 504CB7BD1A63D90100F650C9 /* AppDelegate.swift */; };
		504CB7C01A63D90100F650C9 /* ViewController.swift in Sources */ = {isa = PBXBuildFile; fileRef = 504CB7BF1A63D90100F650C9 /* ViewController.swift */; };
		504CB7C31A63D90100F650C9 /* Main.storyboard in Resources */ = {isa = PBXBuildFile; fileRef = 504CB7C11A63D90100F650C9 /* Main.storyboard */; };
		504CB7C51A63D90100F650C9 /* Images.xcassets in Resources */ = {isa = PBXBuildFile; fileRef = 504CB7C41A63D90100F650C9 /* Images.xcassets */; };
		504CB7C81A63D90100F650C9 /* LaunchScreen.xib in Resources */ = {isa = PBXBuildFile; fileRef = 504CB7C61A63D90100F650C9 /* LaunchScreen.xib */; };
		504CB7D41A63D90100F650C9 /* ExampleTests.swift in Sources */ = {isa = PBXBuildFile; fileRef = 504CB7D31A63D90100F650C9 /* ExampleTests.swift */; };
		923BADE09198EDDA012B71DF /* Pods_Example.framework in Frameworks */ = {isa = PBXBuildFile; fileRef = 9E084CF03B136A6E2E83BABC /* Pods_Example.framework */; settings = {ATTRIBUTES = (Weak, ); }; };
/* End PBXBuildFile section */

/* Begin PBXContainerItemProxy section */
		504CB7CE1A63D90100F650C9 /* PBXContainerItemProxy */ = {
			isa = PBXContainerItemProxy;
			containerPortal = 504CB7B01A63D90100F650C9 /* Project object */;
			proxyType = 1;
			remoteGlobalIDString = 504CB7B71A63D90100F650C9;
			remoteInfo = Example;
		};
/* End PBXContainerItemProxy section */

/* Begin PBXFileReference section */
		29B743FBC014252770D4D1C1 /* Pods-Example.release.xcconfig */ = {isa = PBXFileReference; includeInIndex = 1; lastKnownFileType = text.xcconfig; name = "Pods-Example.release.xcconfig"; path = "Pods/Target Support Files/Pods-Example/Pods-Example.release.xcconfig"; sourceTree = "<group>"; };
		504CB7B81A63D90100F650C9 /* Example.app */ = {isa = PBXFileReference; explicitFileType = wrapper.application; includeInIndex = 0; path = Example.app; sourceTree = BUILT_PRODUCTS_DIR; };
		504CB7BC1A63D90100F650C9 /* Info.plist */ = {isa = PBXFileReference; lastKnownFileType = text.plist.xml; path = Info.plist; sourceTree = "<group>"; };
		504CB7BD1A63D90100F650C9 /* AppDelegate.swift */ = {isa = PBXFileReference; lastKnownFileType = sourcecode.swift; path = AppDelegate.swift; sourceTree = "<group>"; };
		504CB7BF1A63D90100F650C9 /* ViewController.swift */ = {isa = PBXFileReference; lastKnownFileType = sourcecode.swift; path = ViewController.swift; sourceTree = "<group>"; };
		504CB7C21A63D90100F650C9 /* Base */ = {isa = PBXFileReference; lastKnownFileType = file.storyboard; name = Base; path = Base.lproj/Main.storyboard; sourceTree = "<group>"; };
		504CB7C41A63D90100F650C9 /* Images.xcassets */ = {isa = PBXFileReference; lastKnownFileType = folder.assetcatalog; path = Images.xcassets; sourceTree = "<group>"; };
		504CB7C71A63D90100F650C9 /* Base */ = {isa = PBXFileReference; lastKnownFileType = file.xib; name = Base; path = Base.lproj/LaunchScreen.xib; sourceTree = "<group>"; };
		504CB7CD1A63D90100F650C9 /* ExampleTests.xctest */ = {isa = PBXFileReference; explicitFileType = wrapper.cfbundle; includeInIndex = 0; path = ExampleTests.xctest; sourceTree = BUILT_PRODUCTS_DIR; };
		504CB7D21A63D90100F650C9 /* Info.plist */ = {isa = PBXFileReference; lastKnownFileType = text.plist.xml; path = Info.plist; sourceTree = "<group>"; };
		504CB7D31A63D90100F650C9 /* ExampleTests.swift */ = {isa = PBXFileReference; lastKnownFileType = sourcecode.swift; path = ExampleTests.swift; sourceTree = "<group>"; };
		8507BECBF238B5FD76C53B95 /* Pods-Example.debug.xcconfig */ = {isa = PBXFileReference; includeInIndex = 1; lastKnownFileType = text.xcconfig; name = "Pods-Example.debug.xcconfig"; path = "Pods/Target Support Files/Pods-Example/Pods-Example.debug.xcconfig"; sourceTree = "<group>"; };
		9E084CF03B136A6E2E83BABC /* Pods_Example.framework */ = {isa = PBXFileReference; explicitFileType = wrapper.framework; includeInIndex = 0; path = Pods_Example.framework; sourceTree = BUILT_PRODUCTS_DIR; };
/* End PBXFileReference section */

/* Begin PBXFrameworksBuildPhase section */
		504CB7B51A63D90100F650C9 /* Frameworks */ = {
			isa = PBXFrameworksBuildPhase;
			buildActionMask = 2147483647;
			files = (
				923BADE09198EDDA012B71DF /* Pods_Example.framework in Frameworks */,
			);
			runOnlyForDeploymentPostprocessing = 0;
		};
		504CB7CA1A63D90100F650C9 /* Frameworks */ = {
			isa = PBXFrameworksBuildPhase;
			buildActionMask = 2147483647;
			files = (
			);
			runOnlyForDeploymentPostprocessing = 0;
		};
/* End PBXFrameworksBuildPhase section */

/* Begin PBXGroup section */
		504CB7AF1A63D90100F650C9 = {
			isa = PBXGroup;
			children = (
				504CB7BA1A63D90100F650C9 /* Example */,
				504CB7D01A63D90100F650C9 /* ExampleTests */,
				504CB7B91A63D90100F650C9 /* Products */,
				62D9FFACC2E1FC78EAA9D87A /* Pods */,
				98E2305356EF15D5EA3815B0 /* Frameworks */,
			);
			sourceTree = "<group>";
		};
		504CB7B91A63D90100F650C9 /* Products */ = {
			isa = PBXGroup;
			children = (
				504CB7B81A63D90100F650C9 /* Example.app */,
				504CB7CD1A63D90100F650C9 /* ExampleTests.xctest */,
			);
			name = Products;
			sourceTree = "<group>";
		};
		504CB7BA1A63D90100F650C9 /* Example */ = {
			isa = PBXGroup;
			children = (
				504CB7BD1A63D90100F650C9 /* AppDelegate.swift */,
				504CB7BF1A63D90100F650C9 /* ViewController.swift */,
				504CB7C11A63D90100F650C9 /* Main.storyboard */,
				504CB7C41A63D90100F650C9 /* Images.xcassets */,
				504CB7C61A63D90100F650C9 /* LaunchScreen.xib */,
				504CB7BB1A63D90100F650C9 /* Supporting Files */,
			);
			path = Example;
			sourceTree = "<group>";
		};
		504CB7BB1A63D90100F650C9 /* Supporting Files */ = {
			isa = PBXGroup;
			children = (
				504CB7BC1A63D90100F650C9 /* Info.plist */,
			);
			name = "Supporting Files";
			sourceTree = "<group>";
		};
		504CB7D01A63D90100F650C9 /* ExampleTests */ = {
			isa = PBXGroup;
			children = (
				504CB7D31A63D90100F650C9 /* ExampleTests.swift */,
				504CB7D11A63D90100F650C9 /* Supporting Files */,
			);
			path = ExampleTests;
			sourceTree = "<group>";
		};
		504CB7D11A63D90100F650C9 /* Supporting Files */ = {
			isa = PBXGroup;
			children = (
				504CB7D21A63D90100F650C9 /* Info.plist */,
			);
			name = "Supporting Files";
			sourceTree = "<group>";
		};
		62D9FFACC2E1FC78EAA9D87A /* Pods */ = {
			isa = PBXGroup;
			children = (
				8507BECBF238B5FD76C53B95 /* Pods-Example.debug.xcconfig */,
				29B743FBC014252770D4D1C1 /* Pods-Example.release.xcconfig */,
			);
			name = Pods;
			sourceTree = "<group>";
		};
		98E2305356EF15D5EA3815B0 /* Frameworks */ = {
			isa = PBXGroup;
			children = (
				9E084CF03B136A6E2E83BABC /* Pods_Example.framework */,
			);
			name = Frameworks;
			sourceTree = "<group>";
		};
/* End PBXGroup section */

/* Begin PBXNativeTarget section */
		504CB7B71A63D90100F650C9 /* Example */ = {
			isa = PBXNativeTarget;
			buildConfigurationList = 504CB7D71A63D90100F650C9 /* Build configuration list for PBXNativeTarget "Example" */;
			buildPhases = (
				98F4CE907392854978D2FAE9 /* Check Pods Manifest.lock */,
				504CB7B41A63D90100F650C9 /* Sources */,
				504CB7B51A63D90100F650C9 /* Frameworks */,
				504CB7B61A63D90100F650C9 /* Resources */,
				FFEBAC0AFD7D4B8D9E8E7B43 /* Embed Pods Frameworks */,
				0986876B5AE0A3279E7E5C8E /* Copy Pods Resources */,
			);
			buildRules = (
			);
			dependencies = (
			);
			name = Example;
			productName = Example;
			productReference = 504CB7B81A63D90100F650C9 /* Example.app */;
			productType = "com.apple.product-type.application";
		};
		504CB7CC1A63D90100F650C9 /* ExampleTests */ = {
			isa = PBXNativeTarget;
			buildConfigurationList = 504CB7DA1A63D90100F650C9 /* Build configuration list for PBXNativeTarget "ExampleTests" */;
			buildPhases = (
				504CB7C91A63D90100F650C9 /* Sources */,
				504CB7CA1A63D90100F650C9 /* Frameworks */,
				504CB7CB1A63D90100F650C9 /* Resources */,
			);
			buildRules = (
			);
			dependencies = (
				504CB7CF1A63D90100F650C9 /* PBXTargetDependency */,
			);
			name = ExampleTests;
			productName = ExampleTests;
			productReference = 504CB7CD1A63D90100F650C9 /* ExampleTests.xctest */;
			productType = "com.apple.product-type.bundle.unit-test";
		};
/* End PBXNativeTarget section */

/* Begin PBXProject section */
		504CB7B01A63D90100F650C9 /* Project object */ = {
			isa = PBXProject;
			attributes = {
				LastUpgradeCheck = 0610;
				ORGANIZATIONNAME = "di wu";
				TargetAttributes = {
					504CB7B71A63D90100F650C9 = {
						CreatedOnToolsVersion = 6.1.1;
					};
					504CB7CC1A63D90100F650C9 = {
						CreatedOnToolsVersion = 6.1.1;
						TestTargetID = 504CB7B71A63D90100F650C9;
					};
				};
			};
			buildConfigurationList = 504CB7B31A63D90100F650C9 /* Build configuration list for PBXProject "Example" */;
			compatibilityVersion = "Xcode 3.2";
			developmentRegion = English;
			hasScannedForEncodings = 0;
			knownRegions = (
				en,
				Base,
			);
			mainGroup = 504CB7AF1A63D90100F650C9;
			productRefGroup = 504CB7B91A63D90100F650C9 /* Products */;
			projectDirPath = "";
			projectRoot = "";
			targets = (
				504CB7B71A63D90100F650C9 /* Example */,
				504CB7CC1A63D90100F650C9 /* ExampleTests */,
			);
		};
/* End PBXProject section */

/* Begin PBXResourcesBuildPhase section */
		504CB7B61A63D90100F650C9 /* Resources */ = {
			isa = PBXResourcesBuildPhase;
			buildActionMask = 2147483647;
			files = (
				504CB7C31A63D90100F650C9 /* Main.storyboard in Resources */,
				504CB7C81A63D90100F650C9 /* LaunchScreen.xib in Resources */,
				504CB7C51A63D90100F650C9 /* Images.xcassets in Resources */,
			);
			runOnlyForDeploymentPostprocessing = 0;
		};
		504CB7CB1A63D90100F650C9 /* Resources */ = {
			isa = PBXResourcesBuildPhase;
			buildActionMask = 2147483647;
			files = (
			);
			runOnlyForDeploymentPostprocessing = 0;
		};
/* End PBXResourcesBuildPhase section */

/* Begin PBXShellScriptBuildPhase section */
		0986876B5AE0A3279E7E5C8E /* Copy Pods Resources */ = {
			isa = PBXShellScriptBuildPhase;
			buildActionMask = 2147483647;
			files = (
			);
			inputPaths = (
			);
			name = "Copy Pods Resources";
			outputPaths = (
			);
			runOnlyForDeploymentPostprocessing = 0;
			shellPath = /bin/sh;
			shellScript = "\"${SRCROOT}/Pods/Target Support Files/Pods-Example/Pods-Example-resources.sh\"\n";
			showEnvVarsInLog = 0;
		};
		98F4CE907392854978D2FAE9 /* Check Pods Manifest.lock */ = {
			isa = PBXShellScriptBuildPhase;
			buildActionMask = 2147483647;
			files = (
			);
			inputPaths = (
			);
			name = "Check Pods Manifest.lock";
			outputPaths = (
			);
			runOnlyForDeploymentPostprocessing = 0;
			shellPath = /bin/sh;
			shellScript = "diff \"${PODS_ROOT}/../Podfile.lock\" \"${PODS_ROOT}/Manifest.lock\" > /dev/null\nif [[ $? != 0 ]] ; then\n    cat << EOM\nerror: The sandbox is not in sync with the Podfile.lock. Run 'pod install' or update your CocoaPods installation.\nEOM\n    exit 1\nfi\n";
			showEnvVarsInLog = 0;
		};
		FFEBAC0AFD7D4B8D9E8E7B43 /* Embed Pods Frameworks */ = {
			isa = PBXShellScriptBuildPhase;
			buildActionMask = 2147483647;
			files = (
			);
			inputPaths = (
			);
			name = "Embed Pods Frameworks";
			outputPaths = (
			);
			runOnlyForDeploymentPostprocessing = 0;
			shellPath = /bin/sh;
			shellScript = "\"${SRCROOT}/Pods/Target Support Files/Pods-Example/Pods-Example-frameworks.sh\"\n";
			showEnvVarsInLog = 0;
		};
/* End PBXShellScriptBuildPhase section */

/* Begin PBXSourcesBuildPhase section */
		504CB7B41A63D90100F650C9 /* Sources */ = {
			isa = PBXSourcesBuildPhase;
			buildActionMask = 2147483647;
			files = (
				504CB7C01A63D90100F650C9 /* ViewController.swift in Sources */,
				504CB7BE1A63D90100F650C9 /* AppDelegate.swift in Sources */,
			);
			runOnlyForDeploymentPostprocessing = 0;
		};
		504CB7C91A63D90100F650C9 /* Sources */ = {
			isa = PBXSourcesBuildPhase;
			buildActionMask = 2147483647;
			files = (
				504CB7D41A63D90100F650C9 /* ExampleTests.swift in Sources */,
			);
			runOnlyForDeploymentPostprocessing = 0;
		};
/* End PBXSourcesBuildPhase section */

/* Begin PBXTargetDependency section */
		504CB7CF1A63D90100F650C9 /* PBXTargetDependency */ = {
			isa = PBXTargetDependency;
			target = 504CB7B71A63D90100F650C9 /* Example */;
			targetProxy = 504CB7CE1A63D90100F650C9 /* PBXContainerItemProxy */;
		};
/* End PBXTargetDependency section */

/* Begin PBXVariantGroup section */
		504CB7C11A63D90100F650C9 /* Main.storyboard */ = {
			isa = PBXVariantGroup;
			children = (
				504CB7C21A63D90100F650C9 /* Base */,
			);
			name = Main.storyboard;
			sourceTree = "<group>";
		};
		504CB7C61A63D90100F650C9 /* LaunchScreen.xib */ = {
			isa = PBXVariantGroup;
			children = (
				504CB7C71A63D90100F650C9 /* Base */,
			);
			name = LaunchScreen.xib;
			sourceTree = "<group>";
		};
/* End PBXVariantGroup section */

/* Begin XCBuildConfiguration section */
		504CB7D51A63D90100F650C9 /* Debug */ = {
			isa = XCBuildConfiguration;
			buildSettings = {
				ALWAYS_SEARCH_USER_PATHS = NO;
				CLANG_CXX_LANGUAGE_STANDARD = "gnu++0x";
				CLANG_CXX_LIBRARY = "libc++";
				CLANG_ENABLE_MODULES = YES;
				CLANG_ENABLE_OBJC_ARC = YES;
				CLANG_WARN_BOOL_CONVERSION = YES;
				CLANG_WARN_CONSTANT_CONVERSION = YES;
				CLANG_WARN_DIRECT_OBJC_ISA_USAGE = YES_ERROR;
				CLANG_WARN_EMPTY_BODY = YES;
				CLANG_WARN_ENUM_CONVERSION = YES;
				CLANG_WARN_INT_CONVERSION = YES;
				CLANG_WARN_OBJC_ROOT_CLASS = YES_ERROR;
				CLANG_WARN_UNREACHABLE_CODE = YES;
				CLANG_WARN__DUPLICATE_METHOD_MATCH = YES;
				"CODE_SIGN_IDENTITY[sdk=iphoneos*]" = "iPhone Developer";
				COPY_PHASE_STRIP = NO;
				ENABLE_STRICT_OBJC_MSGSEND = YES;
				GCC_C_LANGUAGE_STANDARD = gnu99;
				GCC_DYNAMIC_NO_PIC = NO;
				GCC_OPTIMIZATION_LEVEL = 0;
				GCC_PREPROCESSOR_DEFINITIONS = (
					"DEBUG=1",
					"$(inherited)",
				);
				GCC_SYMBOLS_PRIVATE_EXTERN = NO;
				GCC_WARN_64_TO_32_BIT_CONVERSION = YES;
				GCC_WARN_ABOUT_RETURN_TYPE = YES_ERROR;
				GCC_WARN_UNDECLARED_SELECTOR = YES;
				GCC_WARN_UNINITIALIZED_AUTOS = YES_AGGRESSIVE;
				GCC_WARN_UNUSED_FUNCTION = YES;
				GCC_WARN_UNUSED_VARIABLE = YES;
				IPHONEOS_DEPLOYMENT_TARGET = 8.1;
				MTL_ENABLE_DEBUG_INFO = YES;
				ONLY_ACTIVE_ARCH = YES;
				SDKROOT = iphoneos;
				SWIFT_OPTIMIZATION_LEVEL = "-Onone";
			};
			name = Debug;
		};
		504CB7D61A63D90100F650C9 /* Release */ = {
			isa = XCBuildConfiguration;
			buildSettings = {
				ALWAYS_SEARCH_USER_PATHS = NO;
				CLANG_CXX_LANGUAGE_STANDARD = "gnu++0x";
				CLANG_CXX_LIBRARY = "libc++";
				CLANG_ENABLE_MODULES = YES;
				CLANG_ENABLE_OBJC_ARC = YES;
				CLANG_WARN_BOOL_CONVERSION = YES;
				CLANG_WARN_CONSTANT_CONVERSION = YES;
				CLANG_WARN_DIRECT_OBJC_ISA_USAGE = YES_ERROR;
				CLANG_WARN_EMPTY_BODY = YES;
				CLANG_WARN_ENUM_CONVERSION = YES;
				CLANG_WARN_INT_CONVERSION = YES;
				CLANG_WARN_OBJC_ROOT_CLASS = YES_ERROR;
				CLANG_WARN_UNREACHABLE_CODE = YES;
				CLANG_WARN__DUPLICATE_METHOD_MATCH = YES;
				"CODE_SIGN_IDENTITY[sdk=iphoneos*]" = "iPhone Developer";
				COPY_PHASE_STRIP = YES;
				ENABLE_NS_ASSERTIONS = NO;
				ENABLE_STRICT_OBJC_MSGSEND = YES;
				GCC_C_LANGUAGE_STANDARD = gnu99;
				GCC_WARN_64_TO_32_BIT_CONVERSION = YES;
				GCC_WARN_ABOUT_RETURN_TYPE = YES_ERROR;
				GCC_WARN_UNDECLARED_SELECTOR = YES;
				GCC_WARN_UNINITIALIZED_AUTOS = YES_AGGRESSIVE;
				GCC_WARN_UNUSED_FUNCTION = YES;
				GCC_WARN_UNUSED_VARIABLE = YES;
				IPHONEOS_DEPLOYMENT_TARGET = 8.1;
				MTL_ENABLE_DEBUG_INFO = NO;
				SDKROOT = iphoneos;
				VALIDATE_PRODUCT = YES;
			};
			name = Release;
		};
		504CB7D81A63D90100F650C9 /* Debug */ = {
			isa = XCBuildConfiguration;
			baseConfigurationReference = 8507BECBF238B5FD76C53B95 /* Pods-Example.debug.xcconfig */;
			buildSettings = {
				ASSETCATALOG_COMPILER_APPICON_NAME = AppIcon;
				INFOPLIST_FILE = Example/Info.plist;
				LD_RUNPATH_SEARCH_PATHS = "$(inherited) @executable_path/Frameworks";
				PRODUCT_NAME = "$(TARGET_NAME)";
			};
			name = Debug;
		};
		504CB7D91A63D90100F650C9 /* Release */ = {
			isa = XCBuildConfiguration;
			baseConfigurationReference = 29B743FBC014252770D4D1C1 /* Pods-Example.release.xcconfig */;
			buildSettings = {
				ASSETCATALOG_COMPILER_APPICON_NAME = AppIcon;
				INFOPLIST_FILE = Example/Info.plist;
				LD_RUNPATH_SEARCH_PATHS = "$(inherited) @executable_path/Frameworks";
				PRODUCT_NAME = "$(TARGET_NAME)";
			};
			name = Release;
		};
		504CB7DB1A63D90100F650C9 /* Debug */ = {
			isa = XCBuildConfiguration;
			buildSettings = {
				BUNDLE_LOADER = "$(TEST_HOST)";
				FRAMEWORK_SEARCH_PATHS = (
					"$(SDKROOT)/Developer/Library/Frameworks",
					"$(inherited)",
				);
				GCC_PREPROCESSOR_DEFINITIONS = (
					"DEBUG=1",
					"$(inherited)",
				);
				INFOPLIST_FILE = ExampleTests/Info.plist;
				LD_RUNPATH_SEARCH_PATHS = "$(inherited) @executable_path/Frameworks @loader_path/Frameworks";
				PRODUCT_NAME = "$(TARGET_NAME)";
				TEST_HOST = "$(BUILT_PRODUCTS_DIR)/Example.app/Example";
			};
			name = Debug;
		};
		504CB7DC1A63D90100F650C9 /* Release */ = {
			isa = XCBuildConfiguration;
			buildSettings = {
				BUNDLE_LOADER = "$(TEST_HOST)";
				FRAMEWORK_SEARCH_PATHS = (
					"$(SDKROOT)/Developer/Library/Frameworks",
					"$(inherited)",
				);
				INFOPLIST_FILE = ExampleTests/Info.plist;
				LD_RUNPATH_SEARCH_PATHS = "$(inherited) @executable_path/Frameworks @loader_path/Frameworks";
				PRODUCT_NAME = "$(TARGET_NAME)";
				TEST_HOST = "$(BUILT_PRODUCTS_DIR)/Example.app/Example";
			};
			name = Release;
		};
/* End XCBuildConfiguration section */

/* Begin XCConfigurationList section */
		504CB7B31A63D90100F650C9 /* Build configuration list for PBXProject "Example" */ = {
			isa = XCConfigurationList;
			buildConfigurations = (
				504CB7D51A63D90100F650C9 /* Debug */,
				504CB7D61A63D90100F650C9 /* Release */,
			);
			defaultConfigurationIsVisible = 0;
			defaultConfigurationName = Release;
		};
		504CB7D71A63D90100F650C9 /* Build configuration list for PBXNativeTarget "Example" */ = {
			isa = XCConfigurationList;
			buildConfigurations = (
				504CB7D81A63D90100F650C9 /* Debug */,
				504CB7D91A63D90100F650C9 /* Release */,
			);
			defaultConfigurationIsVisible = 0;
			defaultConfigurationName = Release;
		};
		504CB7DA1A63D90100F650C9 /* Build configuration list for PBXNativeTarget "ExampleTests" */ = {
			isa = XCConfigurationList;
			buildConfigurations = (
				504CB7DB1A63D90100F650C9 /* Debug */,
				504CB7DC1A63D90100F650C9 /* Release */,
			);
			defaultConfigurationIsVisible = 0;
			defaultConfigurationName = Release;
		};
/* End XCConfigurationList section */
	};
	rootObject = 504CB7B01A63D90100F650C9 /* Project object */;
}
